
Microsoft Visual Studio Solution File, Format Version 12.00
# Visual Studio 2017
Project("{FAE04EC0-301F-11D3-BF4B-00C04F79EFBC}") = "UnityROS", "UnityROS.csproj", "{48FAA817-11A6-1B40-167D-5698386A7913}"
EndProject
Project("{FAE04EC0-301F-11D3-BF4B-00C04F79EFBC}") = "UnityROS.Editor", "UnityROS.Editor.csproj", "{5C85F30E-DB7A-9938-F22A-361FCBAE130E}"
EndProject
Global
	GlobalSection(SolutionConfigurationPlatforms) = preSolution
		Debug|Any CPU = Debug|Any CPU
		Release|Any CPU = Release|Any CPU
	EndGlobalSection
	GlobalSection(ProjectConfigurationPlatforms) = postSolution
		{48FAA817-11A6-1B40-167D-5698386A7913}.Debug|Any CPU.ActiveCfg = Debug|Any CPU
		{48FAA817-11A6-1B40-167D-5698386A7913}.Debug|Any CPU.Build.0 = Debug|Any CPU
		{48FAA817-11A6-1B40-167D-5698386A7913}.Release|Any CPU.ActiveCfg = Release|Any CPU
		{48FAA817-11A6-1B40-167D-5698386A7913}.Release|Any CPU.Build.0 = Release|Any CPU
		{5C85F30E-DB7A-9938-F22A-361FCBAE130E}.Debug|Any CPU.ActiveCfg = Debug|Any CPU
		{5C85F30E-DB7A-9938-F22A-361FCBAE130E}.Debug|Any CPU.Build.0 = Debug|Any CPU
		{5C85F30E-DB7A-9938-F22A-361FCBAE130E}.Release|Any CPU.ActiveCfg = Release|Any CPU
		{5C85F30E-DB7A-9938-F22A-361FCBAE130E}.Release|Any CPU.Build.0 = Release|Any CPU
	EndGlobalSection
	GlobalSection(SolutionProperties) = preSolution
		HideSolutionNode = FALSE
	EndGlobalSection
EndGlobal
